# This file is automatically @generated by Cargo.
# It is not intended for manual editing.
version = 3

[[package]]
name = "hum-cli"
version = "0.1.0"
dependencies = [
 "hum-core",
]

[[package]]
name = "hum-core"
version = "0.1.0"

[[package]]
name = "hum-ffi"
version = "0.1.0"
dependencies = [
 "hum-core",
]

[[package]]
name = "hum-tests"
version = "0.1.0"
dependencies = [
 "hum-core",
]
